
Microsoft Visual Studio Solution File, Format Version 12.00
# Visual Studio Version 16
VisualStudioVersion = 16.0.30717.126
MinimumVisualStudioVersion = 10.0.40219.1
Project("{9A19103F-16F7-4668-BE54-9A1E7A4F7556}") = "BlazorWasmHostedAuth.Server", "BlazorWasmHostedAuth\Server\BlazorWasmHostedAuth.Server.csproj", "{87A1D757-B70B-4F5B-ACDA-1CD2A72EF3E1}"
EndProject
Project("{9A19103F-16F7-4668-BE54-9A1E7A4F7556}") = "BlazorWasmHostedAuth.Client", "BlazorWasmHostedAuth\Client\BlazorWasmHostedAuth.Client.csproj", "{87643CB5-7D0B-426A-B274-B13E4D01808E}"
EndProject
Project("{9A19103F-16F7-4668-BE54-9A1E7A4F7556}") = "BlazorWasmHostedAuth.Shared", "BlazorWasmHostedAuth\Shared\BlazorWasmHostedAuth.Shared.csproj", "{28EBB151-EB7F-4122-BBBF-7B6D319D8D80}"
EndProject
Global
	GlobalSection(SolutionConfigurationPlatforms) = preSolution
		Debug|Any CPU = Debug|Any CPU
		Release|Any CPU = Release|Any CPU
	EndGlobalSection
	GlobalSection(ProjectConfigurationPlatforms) = postSolution
		{87A1D757-B70B-4F5B-ACDA-1CD2A72EF3E1}.Debug|Any CPU.ActiveCfg = Debug|Any CPU
		{87A1D757-B70B-4F5B-ACDA-1CD2A72EF3E1}.Debug|Any CPU.Build.0 = Debug|Any CPU
		{87A1D757-B70B-4F5B-ACDA-1CD2A72EF3E1}.Release|Any CPU.ActiveCfg = Release|Any CPU
		{87A1D757-B70B-4F5B-ACDA-1CD2A72EF3E1}.Release|Any CPU.Build.0 = Release|Any CPU
		{87643CB5-7D0B-426A-B274-B13E4D01808E}.Debug|Any CPU.ActiveCfg = Debug|Any CPU
		{87643CB5-7D0B-426A-B274-B13E4D01808E}.Debug|Any CPU.Build.0 = Debug|Any CPU
		{87643CB5-7D0B-426A-B274-B13E4D01808E}.Release|Any CPU.ActiveCfg = Release|Any CPU
		{87643CB5-7D0B-426A-B274-B13E4D01808E}.Release|Any CPU.Build.0 = Release|Any CPU
		{28EBB151-EB7F-4122-BBBF-7B6D319D8D80}.Debug|Any CPU.ActiveCfg = Debug|Any CPU
		{28EBB151-EB7F-4122-BBBF-7B6D319D8D80}.Debug|Any CPU.Build.0 = Debug|Any CPU
		{28EBB151-EB7F-4122-BBBF-7B6D319D8D80}.Release|Any CPU.ActiveCfg = Release|Any CPU
		{28EBB151-EB7F-4122-BBBF-7B6D319D8D80}.Release|Any CPU.Build.0 = Release|Any CPU
	EndGlobalSection
	GlobalSection(SolutionProperties) = preSolution
		HideSolutionNode = FALSE
	EndGlobalSection
	GlobalSection(ExtensibilityGlobals) = postSolution
		SolutionGuid = {A2944035-C69C-4485-B9DB-69B46CEA830F}
	EndGlobalSection
EndGlobal
